# THIS IS AN AUTOGENERATED FILE. DO NOT EDIT THIS FILE DIRECTLY.
# yarn lockfile v1


jquery-deferred@^0.3.1:
  version "0.3.1"
  resolved "https://registry.yarnpkg.com/jquery-deferred/-/jquery-deferred-0.3.1.tgz#596eca1caaff54f61b110962b23cafea74c35355"

jquery-param@^0.2.0:
  version "0.2.0"
  resolved "https://registry.yarnpkg.com/jquery-param/-/jquery-param-0.2.0.tgz#55da8130428c50980eb516491c1b77cc78f0dcb1"
